{
    "name": "dept-video",
    "requires": true,
    "lockfileVersion": 1,
    "dependencies": {
        "js-cookie": {
            "version": "2.1.4",
            "resolved": "https://registry.npmjs.org/js-cookie/-/js-cookie-2.1.4.tgz",
            "integrity": "sha1-2k7FA4ZvFJ0WTPJfV57zEBUCXY0="
        }
    }
}
